
Microsoft Visual Studio Solution File, Format Version 12.00
# Visual Studio Version 16
VisualStudioVersion = 16.0.31424.327
MinimumVisualStudioVersion = 10.0.40219.1
Project("{FAE04EC0-301F-11D3-BF4B-00C04F79EFBC}") = "Frm_TabControl", "Frm_TabControl\Frm_TabControl.csproj", "{4C0BCE8D-48AF-4B94-A934-ADFEEAA5798B}"
EndProject
Global
	GlobalSection(SolutionConfigurationPlatforms) = preSolution
		Debug|Any CPU = Debug|Any CPU
		Release|Any CPU = Release|Any CPU
	EndGlobalSection
	GlobalSection(ProjectConfigurationPlatforms) = postSolution
		{4C0BCE8D-48AF-4B94-A934-ADFEEAA5798B}.Debug|Any CPU.ActiveCfg = Debug|Any CPU
		{4C0BCE8D-48AF-4B94-A934-ADFEEAA5798B}.Debug|Any CPU.Build.0 = Debug|Any CPU
		{4C0BCE8D-48AF-4B94-A934-ADFEEAA5798B}.Release|Any CPU.ActiveCfg = Release|Any CPU
		{4C0BCE8D-48AF-4B94-A934-ADFEEAA5798B}.Release|Any CPU.Build.0 = Release|Any CPU
	EndGlobalSection
	GlobalSection(SolutionProperties) = preSolution
		HideSolutionNode = FALSE
	EndGlobalSection
	GlobalSection(ExtensibilityGlobals) = postSolution
		SolutionGuid = {334786EC-B2F2-4A49-880D-746A931E0440}
	EndGlobalSection
EndGlobal
