
Microsoft Visual Studio Solution File, Format Version 12.00
# Visual Studio Version 16
VisualStudioVersion = 16.0.31424.327
MinimumVisualStudioVersion = 10.0.40219.1
Project("{9A19103F-16F7-4668-BE54-9A1E7A4F7556}") = "Forms Manipulation", "ListView\Forms Manipulation.csproj", "{5A6C32DF-5950-4CD1-ACFF-E237C604B9D6}"
EndProject
Global
	GlobalSection(SolutionConfigurationPlatforms) = preSolution
		Debug|Any CPU = Debug|Any CPU
		Release|Any CPU = Release|Any CPU
	EndGlobalSection
	GlobalSection(ProjectConfigurationPlatforms) = postSolution
		{5A6C32DF-5950-4CD1-ACFF-E237C604B9D6}.Debug|Any CPU.ActiveCfg = Debug|Any CPU
		{5A6C32DF-5950-4CD1-ACFF-E237C604B9D6}.Debug|Any CPU.Build.0 = Debug|Any CPU
		{5A6C32DF-5950-4CD1-ACFF-E237C604B9D6}.Release|Any CPU.ActiveCfg = Release|Any CPU
		{5A6C32DF-5950-4CD1-ACFF-E237C604B9D6}.Release|Any CPU.Build.0 = Release|Any CPU
	EndGlobalSection
	GlobalSection(SolutionProperties) = preSolution
		HideSolutionNode = FALSE
	EndGlobalSection
	GlobalSection(ExtensibilityGlobals) = postSolution
		SolutionGuid = {774586ED-BF2E-429D-B3C2-921642A0D823}
	EndGlobalSection
EndGlobal
