
Microsoft Visual Studio Solution File, Format Version 12.00
# Visual Studio Version 16
VisualStudioVersion = 16.0.30907.101
MinimumVisualStudioVersion = 10.0.40219.1
Project("{FAE04EC0-301F-11D3-BF4B-00C04F79EFBC}") = "Pedidos_Enum", "Pedidos_Enum.csproj", "{820961D3-17A4-4A42-8A11-E80C99F1A2EE}"
EndProject
Global
	GlobalSection(SolutionConfigurationPlatforms) = preSolution
		Debug|Any CPU = Debug|Any CPU
		Release|Any CPU = Release|Any CPU
	EndGlobalSection
	GlobalSection(ProjectConfigurationPlatforms) = postSolution
		{820961D3-17A4-4A42-8A11-E80C99F1A2EE}.Debug|Any CPU.ActiveCfg = Debug|Any CPU
		{820961D3-17A4-4A42-8A11-E80C99F1A2EE}.Debug|Any CPU.Build.0 = Debug|Any CPU
		{820961D3-17A4-4A42-8A11-E80C99F1A2EE}.Release|Any CPU.ActiveCfg = Release|Any CPU
		{820961D3-17A4-4A42-8A11-E80C99F1A2EE}.Release|Any CPU.Build.0 = Release|Any CPU
	EndGlobalSection
	GlobalSection(SolutionProperties) = preSolution
		HideSolutionNode = FALSE
	EndGlobalSection
	GlobalSection(ExtensibilityGlobals) = postSolution
		SolutionGuid = {B15366AF-255B-48B8-A226-54CF7BBF3DB9}
	EndGlobalSection
EndGlobal
